
Microsoft Visual Studio Solution File, Format Version 12.00
Project("{FAE04EC0-301F-11D3-BF4B-00C04F79EFBC}") = "T1-Cesar", "T1-Cesar\T1-Cesar.csproj", "{CD289C0D-8177-4DF6-A0DE-259A62365E19}"
EndProject
Project("{FAE04EC0-301F-11D3-BF4B-00C04F79EFBC}") = "T2-LetterFrequency", "T2-LetterFrequency\T2-LetterFrequency.csproj", "{8C7B25FB-93AA-43F9-AFF8-7253B917211F}"
EndProject
Project("{FAE04EC0-301F-11D3-BF4B-00C04F79EFBC}") = "T3-LetterPairFrequency", "T3-LetterPairFrequency\T3-LetterPairFrequency.csproj", "{B4503015-98FC-4BCD-A571-20A4F4EB3A6D}"
EndProject
Project("{FAE04EC0-301F-11D3-BF4B-00C04F79EFBC}") = "T4-PolybiusSquare", "T4-PolybiusSquare\T4-PolybiusSquare.csproj", "{A2EF18F7-D4C8-4B8E-A254-C487BEFF8FC8}"
EndProject
Project("{FAE04EC0-301F-11D3-BF4B-00C04F79EFBC}") = "T6-Vigenere", "T6-Vigenere\T6-Vigenere.csproj", "{1D35D9CD-FB45-4268-AB17-FCD29988BDF8}"
EndProject
Project("{FAE04EC0-301F-11D3-BF4B-00C04F79EFBC}") = "T7-CesarWithKey", "T7-CesarWithKey\T7-CesarWithKey.csproj", "{F639C3C0-BE4F-4B6D-96C3-3E59AD6B70B3}"
EndProject
Project("{FAE04EC0-301F-11D3-BF4B-00C04F79EFBC}") = "T8-PairCipher", "T8-PairCipher\T8-PairCipher.csproj", "{223254C0-C20B-47ED-9068-C79CB7FC9742}"
EndProject
Project("{FAE04EC0-301F-11D3-BF4B-00C04F79EFBC}") = "T9-XOR", "T9-XOR\T9-XOR.csproj", "{753BEED3-35D2-4479-B11A-84FEDFCB5019}"
EndProject
Project("{FAE04EC0-301F-11D3-BF4B-00C04F79EFBC}") = "T10-ColumnarTransposition", "T10-ColumnarTransposition\T10-ColumnarTransposition.csproj", "{0375954E-6D5A-4FE6-9FF8-CC798013C142}"
EndProject
Project("{FAE04EC0-301F-11D3-BF4B-00C04F79EFBC}") = "T12-LfsrXor", "T12-LfsrXor\T12-LfsrXor.csproj", "{14098EEE-58E4-488A-9E3D-5BD82A37FE4D}"
EndProject
Global
	GlobalSection(SolutionConfigurationPlatforms) = preSolution
		Debug|Any CPU = Debug|Any CPU
		Release|Any CPU = Release|Any CPU
	EndGlobalSection
	GlobalSection(ProjectConfigurationPlatforms) = postSolution
		{CD289C0D-8177-4DF6-A0DE-259A62365E19}.Debug|Any CPU.ActiveCfg = Debug|Any CPU
		{CD289C0D-8177-4DF6-A0DE-259A62365E19}.Debug|Any CPU.Build.0 = Debug|Any CPU
		{CD289C0D-8177-4DF6-A0DE-259A62365E19}.Release|Any CPU.ActiveCfg = Release|Any CPU
		{CD289C0D-8177-4DF6-A0DE-259A62365E19}.Release|Any CPU.Build.0 = Release|Any CPU
		{8C7B25FB-93AA-43F9-AFF8-7253B917211F}.Debug|Any CPU.ActiveCfg = Debug|Any CPU
		{8C7B25FB-93AA-43F9-AFF8-7253B917211F}.Debug|Any CPU.Build.0 = Debug|Any CPU
		{8C7B25FB-93AA-43F9-AFF8-7253B917211F}.Release|Any CPU.ActiveCfg = Release|Any CPU
		{8C7B25FB-93AA-43F9-AFF8-7253B917211F}.Release|Any CPU.Build.0 = Release|Any CPU
		{B4503015-98FC-4BCD-A571-20A4F4EB3A6D}.Debug|Any CPU.ActiveCfg = Debug|Any CPU
		{B4503015-98FC-4BCD-A571-20A4F4EB3A6D}.Debug|Any CPU.Build.0 = Debug|Any CPU
		{B4503015-98FC-4BCD-A571-20A4F4EB3A6D}.Release|Any CPU.ActiveCfg = Release|Any CPU
		{B4503015-98FC-4BCD-A571-20A4F4EB3A6D}.Release|Any CPU.Build.0 = Release|Any CPU
		{A2EF18F7-D4C8-4B8E-A254-C487BEFF8FC8}.Debug|Any CPU.ActiveCfg = Debug|Any CPU
		{A2EF18F7-D4C8-4B8E-A254-C487BEFF8FC8}.Debug|Any CPU.Build.0 = Debug|Any CPU
		{A2EF18F7-D4C8-4B8E-A254-C487BEFF8FC8}.Release|Any CPU.ActiveCfg = Release|Any CPU
		{A2EF18F7-D4C8-4B8E-A254-C487BEFF8FC8}.Release|Any CPU.Build.0 = Release|Any CPU
		{1D35D9CD-FB45-4268-AB17-FCD29988BDF8}.Debug|Any CPU.ActiveCfg = Debug|Any CPU
		{1D35D9CD-FB45-4268-AB17-FCD29988BDF8}.Debug|Any CPU.Build.0 = Debug|Any CPU
		{1D35D9CD-FB45-4268-AB17-FCD29988BDF8}.Release|Any CPU.ActiveCfg = Release|Any CPU
		{1D35D9CD-FB45-4268-AB17-FCD29988BDF8}.Release|Any CPU.Build.0 = Release|Any CPU
		{F639C3C0-BE4F-4B6D-96C3-3E59AD6B70B3}.Debug|Any CPU.ActiveCfg = Debug|Any CPU
		{F639C3C0-BE4F-4B6D-96C3-3E59AD6B70B3}.Debug|Any CPU.Build.0 = Debug|Any CPU
		{F639C3C0-BE4F-4B6D-96C3-3E59AD6B70B3}.Release|Any CPU.ActiveCfg = Release|Any CPU
		{F639C3C0-BE4F-4B6D-96C3-3E59AD6B70B3}.Release|Any CPU.Build.0 = Release|Any CPU
		{223254C0-C20B-47ED-9068-C79CB7FC9742}.Debug|Any CPU.ActiveCfg = Debug|Any CPU
		{223254C0-C20B-47ED-9068-C79CB7FC9742}.Debug|Any CPU.Build.0 = Debug|Any CPU
		{223254C0-C20B-47ED-9068-C79CB7FC9742}.Release|Any CPU.ActiveCfg = Release|Any CPU
		{223254C0-C20B-47ED-9068-C79CB7FC9742}.Release|Any CPU.Build.0 = Release|Any CPU
		{753BEED3-35D2-4479-B11A-84FEDFCB5019}.Debug|Any CPU.ActiveCfg = Debug|Any CPU
		{753BEED3-35D2-4479-B11A-84FEDFCB5019}.Debug|Any CPU.Build.0 = Debug|Any CPU
		{753BEED3-35D2-4479-B11A-84FEDFCB5019}.Release|Any CPU.ActiveCfg = Release|Any CPU
		{753BEED3-35D2-4479-B11A-84FEDFCB5019}.Release|Any CPU.Build.0 = Release|Any CPU
		{0375954E-6D5A-4FE6-9FF8-CC798013C142}.Debug|Any CPU.ActiveCfg = Debug|Any CPU
		{0375954E-6D5A-4FE6-9FF8-CC798013C142}.Debug|Any CPU.Build.0 = Debug|Any CPU
		{0375954E-6D5A-4FE6-9FF8-CC798013C142}.Release|Any CPU.ActiveCfg = Release|Any CPU
		{0375954E-6D5A-4FE6-9FF8-CC798013C142}.Release|Any CPU.Build.0 = Release|Any CPU
		{14098EEE-58E4-488A-9E3D-5BD82A37FE4D}.Debug|Any CPU.ActiveCfg = Debug|Any CPU
		{14098EEE-58E4-488A-9E3D-5BD82A37FE4D}.Debug|Any CPU.Build.0 = Debug|Any CPU
		{14098EEE-58E4-488A-9E3D-5BD82A37FE4D}.Release|Any CPU.ActiveCfg = Release|Any CPU
		{14098EEE-58E4-488A-9E3D-5BD82A37FE4D}.Release|Any CPU.Build.0 = Release|Any CPU
	EndGlobalSection
EndGlobal
